{
  "name": "ai-singularity",
  "version": "0.1.0",
  "lockfileVersion": 3,
  "requires": true,
  "packages": {
    "": {
      "name": "ai-singularity",
      "version": "0.1.0",
      "dependencies": {"react":"19.1.1","react-dom":"19.1.1"},
      "devDependencies": {"@types/react":"19.1.16","@types/react-dom":"19.1.9","@vitejs/plugin-react":"5.0.4","typescript":"5.9.2","vite":"7.1.7","vitest":"3.2.4"},
      "engines": {"node":"20.x"}
    },
    "node_modules/react": {"version":"19.1.1"},
    "node_modules/react-dom": {"version":"19.1.1"},
    "node_modules/@types/react": {"version":"19.1.16","dev":true},
    "node_modules/@types/react-dom": {"version":"19.1.9","dev":true},
    "node_modules/@vitejs/plugin-react": {"version":"5.0.4","dev":true},
    "node_modules/typescript": {"version":"5.9.2","dev":true},
    "node_modules/vite": {"version":"7.1.7","dev":true},
    "node_modules/vitest": {"version":"3.2.4","dev":true}
  }
}
